{
  "name": "heron-lang",
  "version": "1.0alpha1",
  "lockfileVersion": 1,
  "requires": true,
  "dependencies": {
    "myna-parser": {
      "version": "2.5.1",
      "resolved": "https://registry.npmjs.org/myna-parser/-/myna-parser-2.5.1.tgz",
      "integrity": "sha512-eQBQpP91k1WiusCw2XPziVgUK+D8ISWyEKtJqmEWv28V+KYmEn9p+sm5l9502fIbzM8eVFH2PIx3JnptmQ1hGA=="
    }
  }
}
